// !$*UTF8*$!
{
	archiveVersion = 1;
	classes = {
	};
	objectVersion = 50;
	objects = {

/* Begin PBXBuildFile section */
		4CB73482239EDEF300F46B6D /* AppDelegate.swift in Sources */ = {isa = PBXBuildFile; fileRef = 4CB73481239EDEF300F46B6D /* AppDelegate.swift */; };
		4CB73484239EDEF300F46B6D /* ViewController.swift in Sources */ = {isa = PBXBuildFile; fileRef = 4CB73483239EDEF300F46B6D /* ViewController.swift */; };
		4CB73486239EDEF500F46B6D /* Assets.xcassets in Resources */ = {isa = PBXBuildFile; fileRef = 4CB73485239EDEF500F46B6D /* Assets.xcassets */; };
		4CB73489239EDEF500F46B6D /* Main.storyboard in Resources */ = {isa = PBXBuildFile; fileRef = 4CB73487239EDEF500F46B6D /* Main.storyboard */; };
		4CB73492239EE0B000F46B6D /* GoogleService-Info.plist in Resources */ = {isa = PBXBuildFile; fileRef = 4CB73491239EE0B000F46B6D /* GoogleService-Info.plist */; };
		EF03A01F9217EF820F2C8AB4 /* Pods_InnocenzoLocherCSC4480.framework in Frameworks */ = {isa = PBXBuildFile; fileRef = 41A66168AE272D3D5F822CA5 /* Pods_InnocenzoLocherCSC4480.framework */; };
/* End PBXBuildFile section */

/* Begin PBXFileReference section */
		41A66168AE272D3D5F822CA5 /* Pods_InnocenzoLocherCSC4480.framework */ = {isa = PBXFileReference; explicitFileType = wrapper.framework; includeInIndex = 0; path = Pods_InnocenzoLocherCSC4480.framework; sourceTree = BUILT_PRODUCTS_DIR; };
		4CB7347E239EDEF300F46B6D /* InnocenzoLocherCSC4480.app */ = {isa = PBXFileReference; explicitFileType = wrapper.application; includeInIndex = 0; path = InnocenzoLocherCSC4480.app; sourceTree = BUILT_PRODUCTS_DIR; };
		4CB73481239EDEF300F46B6D /* AppDelegate.swift */ = {isa = PBXFileReference; lastKnownFileType = sourcecode.swift; path = AppDelegate.swift; sourceTree = "<group>"; };
		4CB73483239EDEF300F46B6D /* ViewController.swift */ = {isa = PBXFileReference; lastKnownFileType = sourcecode.swift; path = ViewController.swift; sourceTree = "<group>"; };
		4CB73485239EDEF500F46B6D /* Assets.xcassets */ = {isa = PBXFileReference; lastKnownFileType = folder.assetcatalog; path = Assets.xcassets; sourceTree = "<group>"; };
		4CB73488239EDEF500F46B6D /* Base */ = {isa = PBXFileReference; lastKnownFileType = file.storyboard; name = Base; path = Base.lproj/Main.storyboard; sourceTree = "<group>"; };
		4CB7348A239EDEF500F46B6D /* Info.plist */ = {isa = PBXFileReference; lastKnownFileType = text.plist.xml; path = Info.plist; sourceTree = "<group>"; };
		4CB7348B239EDEF500F46B6D /* InnocenzoLocherCSC4480.entitlements */ = {isa = PBXFileReference; lastKnownFileType = text.plist.entitlements; path = InnocenzoLocherCSC4480.entitlements; sourceTree = "<group>"; };
		4CB73491239EE0B000F46B6D /* GoogleService-Info.plist */ = {isa = PBXFileReference; fileEncoding = 4; lastKnownFileType = text.plist.xml; path = "GoogleService-Info.plist"; sourceTree = "<group>"; };
		5052B8F9F22E5F7D1B89B50A /* Pods-InnocenzoLocherCSC4480.debug.xcconfig */ = {isa = PBXFileReference; includeInIndex = 1; lastKnownFileType = text.xcconfig; name = "Pods-InnocenzoLocherCSC4480.debug.xcconfig"; path = "Target Support Files/Pods-InnocenzoLocherCSC4480/Pods-InnocenzoLocherCSC4480.debug.xcconfig"; sourceTree = "<group>"; };
		F22CCC5C5F5175360C2875E8 /* Pods-InnocenzoLocherCSC4480.release.xcconfig */ = {isa = PBXFileReference; includeInIndex = 1; lastKnownFileType = text.xcconfig; name = "Pods-InnocenzoLocherCSC4480.release.xcconfig"; path = "Target Support Files/Pods-InnocenzoLocherCSC4480/Pods-InnocenzoLocherCSC4480.release.xcconfig"; sourceTree = "<group>"; };
/* End PBXFileReference section */

/* Begin PBXFrameworksBuildPhase section */
		4CB7347B239EDEF300F46B6D /* Frameworks */ = {
			isa = PBXFrameworksBuildPhase;
			buildActionMask = 2147483647;
			files = (
				EF03A01F9217EF820F2C8AB4 /* Pods_InnocenzoLocherCSC4480.framework in Frameworks */,
			);
			runOnlyForDeploymentPostprocessing = 0;
		};
/* End PBXFrameworksBuildPhase section */

/* Begin PBXGroup section */
		10CBC0D337DA2D283356A674 /* Pods */ = {
			isa = PBXGroup;
			children = (
				5052B8F9F22E5F7D1B89B50A /* Pods-InnocenzoLocherCSC4480.debug.xcconfig */,
				F22CCC5C5F5175360C2875E8 /* Pods-InnocenzoLocherCSC4480.release.xcconfig */,
			);
			name = Pods;
			path = Pods;
			sourceTree = "<group>";
		};
		4CB73475239EDEF300F46B6D = {
			isa = PBXGroup;
			children = (
				4CB73480239EDEF300F46B6D /* InnocenzoLocherCSC4480 */,
				4CB7347F239EDEF300F46B6D /* Products */,
				10CBC0D337DA2D283356A674 /* Pods */,
				C3F2B56E0BA2FB2F6905D4FD /* Frameworks */,
			);
			sourceTree = "<group>";
		};
		4CB7347F239EDEF300F46B6D /* Products */ = {
			isa = PBXGroup;
			children = (
				4CB7347E239EDEF300F46B6D /* InnocenzoLocherCSC4480.app */,
			);
			name = Products;
			sourceTree = "<group>";
		};
		4CB73480239EDEF300F46B6D /* InnocenzoLocherCSC4480 */ = {
			isa = PBXGroup;
			children = (
				4CB73481239EDEF300F46B6D /* AppDelegate.swift */,
				4CB73483239EDEF300F46B6D /* ViewController.swift */,
				4CB73485239EDEF500F46B6D /* Assets.xcassets */,
				4CB73487239EDEF500F46B6D /* Main.storyboard */,
				4CB7348A239EDEF500F46B6D /* Info.plist */,
				4CB73491239EE0B000F46B6D /* GoogleService-Info.plist */,
				4CB7348B239EDEF500F46B6D /* InnocenzoLocherCSC4480.entitlements */,
			);
			path = InnocenzoLocherCSC4480;
			sourceTree = "<group>";
		};
		C3F2B56E0BA2FB2F6905D4FD /* Frameworks */ = {
			isa = PBXGroup;
			children = (
				41A66168AE272D3D5F822CA5 /* Pods_InnocenzoLocherCSC4480.framework */,
			);
			name = Frameworks;
			sourceTree = "<group>";
		};
/* End PBXGroup section */

/* Begin PBXNativeTarget section */
		4CB7347D239EDEF300F46B6D /* InnocenzoLocherCSC4480 */ = {
			isa = PBXNativeTarget;
			buildConfigurationList = 4CB7348E239EDEF500F46B6D /* Build configuration list for PBXNativeTarget "InnocenzoLocherCSC4480" */;
			buildPhases = (
				09726BEF6263E33ED6E8AAA3 /* [CP] Check Pods Manifest.lock */,
				4CB7347A239EDEF300F46B6D /* Sources */,
				4CB7347B239EDEF300F46B6D /* Frameworks */,
				4CB7347C239EDEF300F46B6D /* Resources */,
				E73EC630168D76596E6D3F1D /* [CP] Embed Pods Frameworks */,
			);
			buildRules = (
			);
			dependencies = (
			);
			name = InnocenzoLocherCSC4480;
			productName = InnocenzoLocherCSC4480;
			productReference = 4CB7347E239EDEF300F46B6D /* InnocenzoLocherCSC4480.app */;
			productType = "com.apple.product-type.application";
		};
/* End PBXNativeTarget section */

/* Begin PBXProject section */
		4CB73476239EDEF300F46B6D /* Project object */ = {
			isa = PBXProject;
			attributes = {
				LastSwiftUpdateCheck = 1120;
				LastUpgradeCheck = 1120;
				ORGANIZATIONNAME = "Innocenzo Locher";
				TargetAttributes = {
					4CB7347D239EDEF300F46B6D = {
						CreatedOnToolsVersion = 11.2.1;
					};
				};
			};
			buildConfigurationList = 4CB73479239EDEF300F46B6D /* Build configuration list for PBXProject "InnocenzoLocherCSC4480" */;
			compatibilityVersion = "Xcode 9.3";
			developmentRegion = en;
			hasScannedForEncodings = 0;
			knownRegions = (
				en,
				Base,
			);
			mainGroup = 4CB73475239EDEF300F46B6D;
			productRefGroup = 4CB7347F239EDEF300F46B6D /* Products */;
			projectDirPath = "";
			projectRoot = "";
			targets = (
				4CB7347D239EDEF300F46B6D /* InnocenzoLocherCSC4480 */,
			);
		};
/* End PBXProject section */

/* Begin PBXResourcesBuildPhase section */
		4CB7347C239EDEF300F46B6D /* Resources */ = {
			isa = PBXResourcesBuildPhase;
			buildActionMask = 2147483647;
			files = (
				4CB73486239EDEF500F46B6D /* Assets.xcassets in Resources */,
				4CB73489239EDEF500F46B6D /* Main.storyboard in Resources */,
				4CB73492239EE0B000F46B6D /* GoogleService-Info.plist in Resources */,
			);
			runOnlyForDeploymentPostprocessing = 0;
		};
/* End PBXResourcesBuildPhase section */

/* Begin PBXShellScriptBuildPhase section */
		09726BEF6263E33ED6E8AAA3 /* [CP] Check Pods Manifest.lock */ = {
			isa = PBXShellScriptBuildPhase;
			buildActionMask = 2147483647;
			files = (
			);
			inputFileListPaths = (
			);
			inputPaths = (
				"${PODS_PODFILE_DIR_PATH}/Podfile.lock",
				"${PODS_ROOT}/Manifest.lock",
			);
			name = "[CP] Check Pods Manifest.lock";
			outputFileListPaths = (
			);
			outputPaths = (
				"$(DERIVED_FILE_DIR)/Pods-InnocenzoLocherCSC4480-checkManifestLockResult.txt",
			);
			runOnlyForDeploymentPostprocessing = 0;
			shellPath = /bin/sh;
			shellScript = "diff \"${PODS_PODFILE_DIR_PATH}/Podfile.lock\" \"${PODS_ROOT}/Manifest.lock\" > /dev/null\nif [ $? != 0 ] ; then\n    # print error to STDERR\n    echo \"error: The sandbox is not in sync with the Podfile.lock. Run 'pod install' or update your CocoaPods installation.\" >&2\n    exit 1\nfi\n# This output is used by Xcode 'outputs' to avoid re-running this script phase.\necho \"SUCCESS\" > \"${SCRIPT_OUTPUT_FILE_0}\"\n";
			showEnvVarsInLog = 0;
		};
		E73EC630168D76596E6D3F1D /* [CP] Embed Pods Frameworks */ = {
			isa = PBXShellScriptBuildPhase;
			buildActionMask = 2147483647;
			files = (
			);
			inputFileListPaths = (
				"${PODS_ROOT}/Target Support Files/Pods-InnocenzoLocherCSC4480/Pods-InnocenzoLocherCSC4480-frameworks-${CONFIGURATION}-input-files.xcfilelist",
			);
			name = "[CP] Embed Pods Frameworks";
			outputFileListPaths = (
				"${PODS_ROOT}/Target Support Files/Pods-InnocenzoLocherCSC4480/Pods-InnocenzoLocherCSC4480-frameworks-${CONFIGURATION}-output-files.xcfilelist",
			);
			runOnlyForDeploymentPostprocessing = 0;
			shellPath = /bin/sh;
			shellScript = "\"${PODS_ROOT}/Target Support Files/Pods-InnocenzoLocherCSC4480/Pods-InnocenzoLocherCSC4480-frameworks.sh\"\n";
			showEnvVarsInLog = 0;
		};
/* End PBXShellScriptBuildPhase section */

/* Begin PBXSourcesBuildPhase section */
		4CB7347A239EDEF300F46B6D /* Sources */ = {
			isa = PBXSourcesBuildPhase;
			buildActionMask = 2147483647;
			files = (
				4CB73484239EDEF300F46B6D /* ViewController.swift in Sources */,
				4CB73482239EDEF300F46B6D /* AppDelegate.swift in Sources */,
			);
			runOnlyForDeploymentPostprocessing = 0;
		};
/* End PBXSourcesBuildPhase section */

/* Begin PBXVariantGroup section */
		4CB73487239EDEF500F46B6D /* Main.storyboard */ = {
			isa = PBXVariantGroup;
			children = (
				4CB73488239EDEF500F46B6D /* Base */,
			);
			name = Main.storyboard;
			sourceTree = "<group>";
		};
/* End PBXVariantGroup section */

/* Begin XCBuildConfiguration section */
		4CB7348C239EDEF500F46B6D /* Debug */ = {
			isa = XCBuildConfiguration;
			buildSettings = {
				ALWAYS_SEARCH_USER_PATHS = NO;
				CLANG_ANALYZER_NONNULL = YES;
				CLANG_ANALYZER_NUMBER_OBJECT_CONVERSION = YES_AGGRESSIVE;
				CLANG_CXX_LANGUAGE_STANDARD = "gnu++14";
				CLANG_CXX_LIBRARY = "libc++";
				CLANG_ENABLE_MODULES = YES;
				CLANG_ENABLE_OBJC_ARC = YES;
				CLANG_ENABLE_OBJC_WEAK = YES;
				CLANG_WARN_BLOCK_CAPTURE_AUTORELEASING = YES;
				CLANG_WARN_BOOL_CONVERSION = YES;
				CLANG_WARN_COMMA = YES;
				CLANG_WARN_CONSTANT_CONVERSION = YES;
				CLANG_WARN_DEPRECATED_OBJC_IMPLEMENTATIONS = YES;
				CLANG_WARN_DIRECT_OBJC_ISA_USAGE = YES_ERROR;
				CLANG_WARN_DOCUMENTATION_COMMENTS = YES;
				CLANG_WARN_EMPTY_BODY = YES;
				CLANG_WARN_ENUM_CONVERSION = YES;
				CLANG_WARN_INFINITE_RECURSION = YES;
				CLANG_WARN_INT_CONVERSION = YES;
				CLANG_WARN_NON_LITERAL_NULL_CONVERSION = YES;
				CLANG_WARN_OBJC_IMPLICIT_RETAIN_SELF = YES;
				CLANG_WARN_OBJC_LITERAL_CONVERSION = YES;
				CLANG_WARN_OBJC_ROOT_CLASS = YES_ERROR;
				CLANG_WARN_RANGE_LOOP_ANALYSIS = YES;
				CLANG_WARN_STRICT_PROTOTYPES = YES;
				CLANG_WARN_SUSPICIOUS_MOVE = YES;
				CLANG_WARN_UNGUARDED_AVAILABILITY = YES_AGGRESSIVE;
				CLANG_WARN_UNREACHABLE_CODE = YES;
				CLANG_WARN__DUPLICATE_METHOD_MATCH = YES;
				COPY_PHASE_STRIP = NO;
				DEBUG_INFORMATION_FORMAT = dwarf;
				ENABLE_STRICT_OBJC_MSGSEND = YES;
				ENABLE_TESTABILITY = YES;
				GCC_C_LANGUAGE_STANDARD = gnu11;
				GCC_DYNAMIC_NO_PIC = NO;
				GCC_NO_COMMON_BLOCKS = YES;
				GCC_OPTIMIZATION_LEVEL = 0;
				GCC_PREPROCESSOR_DEFINITIONS = (
					"DEBUG=1",
					"$(inherited)",
				);
				GCC_WARN_64_TO_32_BIT_CONVERSION = YES;
				GCC_WARN_ABOUT_RETURN_TYPE = YES_ERROR;
				GCC_WARN_UNDECLARED_SELECTOR = YES;
				GCC_WARN_UNINITIALIZED_AUTOS = YES_AGGRESSIVE;
				GCC_WARN_UNUSED_FUNCTION = YES;
				GCC_WARN_UNUSED_VARIABLE = YES;
				MACOSX_DEPLOYMENT_TARGET = 10.15;
				MTL_ENABLE_DEBUG_INFO = INCLUDE_SOURCE;
				MTL_FAST_MATH = YES;
				ONLY_ACTIVE_ARCH = YES;
				SDKROOT = macosx;
				SWIFT_ACTIVE_COMPILATION_CONDITIONS = DEBUG;
				SWIFT_OPTIMIZATION_LEVEL = "-Onone";
			};
			name = Debug;
		};
		4CB7348D239EDEF500F46B6D /* Release */ = {
			isa = XCBuildConfiguration;
			buildSettings = {
				ALWAYS_SEARCH_USER_PATHS = NO;
				CLANG_ANALYZER_NONNULL = YES;
				CLANG_ANALYZER_NUMBER_OBJECT_CONVERSION = YES_AGGRESSIVE;
				CLANG_CXX_LANGUAGE_STANDARD = "gnu++14";
				CLANG_CXX_LIBRARY = "libc++";
				CLANG_ENABLE_MODULES = YES;
				CLANG_ENABLE_OBJC_ARC = YES;
				CLANG_ENABLE_OBJC_WEAK = YES;
				CLANG_WARN_BLOCK_CAPTURE_AUTORELEASING = YES;
				CLANG_WARN_BOOL_CONVERSION = YES;
				CLANG_WARN_COMMA = YES;
				CLANG_WARN_CONSTANT_CONVERSION = YES;
				CLANG_WARN_DEPRECATED_OBJC_IMPLEMENTATIONS = YES;
				CLANG_WARN_DIRECT_OBJC_ISA_USAGE = YES_ERROR;
				CLANG_WARN_DOCUMENTATION_COMMENTS = YES;
				CLANG_WARN_EMPTY_BODY = YES;
				CLANG_WARN_ENUM_CONVERSION = YES;
				CLANG_WARN_INFINITE_RECURSION = YES;
				CLANG_WARN_INT_CONVERSION = YES;
				CLANG_WARN_NON_LITERAL_NULL_CONVERSION = YES;
				CLANG_WARN_OBJC_IMPLICIT_RETAIN_SELF = YES;
				CLANG_WARN_OBJC_LITERAL_CONVERSION = YES;
				CLANG_WARN_OBJC_ROOT_CLASS = YES_ERROR;
				CLANG_WARN_RANGE_LOOP_ANALYSIS = YES;
				CLANG_WARN_STRICT_PROTOTYPES = YES;
				CLANG_WARN_SUSPICIOUS_MOVE = YES;
				CLANG_WARN_UNGUARDED_AVAILABILITY = YES_AGGRESSIVE;
				CLANG_WARN_UNREACHABLE_CODE = YES;
				CLANG_WARN__DUPLICATE_METHOD_MATCH = YES;
				COPY_PHASE_STRIP = NO;
				DEBUG_INFORMATION_FORMAT = "dwarf-with-dsym";
				ENABLE_NS_ASSERTIONS = NO;
				ENABLE_STRICT_OBJC_MSGSEND = YES;
				GCC_C_LANGUAGE_STANDARD = gnu11;
				GCC_NO_COMMON_BLOCKS = YES;
				GCC_WARN_64_TO_32_BIT_CONVERSION = YES;
				GCC_WARN_ABOUT_RETURN_TYPE = YES_ERROR;
				GCC_WARN_UNDECLARED_SELECTOR = YES;
				GCC_WARN_UNINITIALIZED_AUTOS = YES_AGGRESSIVE;
				GCC_WARN_UNUSED_FUNCTION = YES;
				GCC_WARN_UNUSED_VARIABLE = YES;
				MACOSX_DEPLOYMENT_TARGET = 10.15;
				MTL_ENABLE_DEBUG_INFO = NO;
				MTL_FAST_MATH = YES;
				SDKROOT = macosx;
				SWIFT_COMPILATION_MODE = wholemodule;
				SWIFT_OPTIMIZATION_LEVEL = "-O";
			};
			name = Release;
		};
		4CB7348F239EDEF500F46B6D /* Debug */ = {
			isa = XCBuildConfiguration;
			baseConfigurationReference = 5052B8F9F22E5F7D1B89B50A /* Pods-InnocenzoLocherCSC4480.debug.xcconfig */;
			buildSettings = {
				ASSETCATALOG_COMPILER_APPICON_NAME = AppIcon;
				CODE_SIGN_ENTITLEMENTS = InnocenzoLocherCSC4480/InnocenzoLocherCSC4480.entitlements;
				CODE_SIGN_STYLE = Automatic;
				COMBINE_HIDPI_IMAGES = YES;
				DEVELOPMENT_TEAM = UX7GPB828A;
				ENABLE_HARDENED_RUNTIME = YES;
				INFOPLIST_FILE = InnocenzoLocherCSC4480/Info.plist;
				LD_RUNPATH_SEARCH_PATHS = (
					"$(inherited)",
					"@executable_path/../Frameworks",
				);
				PRODUCT_BUNDLE_IDENTIFIER = innocenzolocher.InnocenzoLocherCSC4480;
				PRODUCT_NAME = "$(TARGET_NAME)";
				SWIFT_VERSION = 5.0;
			};
			name = Debug;
		};
		4CB73490239EDEF500F46B6D /* Release */ = {
			isa = XCBuildConfiguration;
			baseConfigurationReference = F22CCC5C5F5175360C2875E8 /* Pods-InnocenzoLocherCSC4480.release.xcconfig */;
			buildSettings = {
				ASSETCATALOG_COMPILER_APPICON_NAME = AppIcon;
				CODE_SIGN_ENTITLEMENTS = InnocenzoLocherCSC4480/InnocenzoLocherCSC4480.entitlements;
				CODE_SIGN_STYLE = Automatic;
				COMBINE_HIDPI_IMAGES = YES;
				DEVELOPMENT_TEAM = UX7GPB828A;
				ENABLE_HARDENED_RUNTIME = YES;
				INFOPLIST_FILE = InnocenzoLocherCSC4480/Info.plist;
				LD_RUNPATH_SEARCH_PATHS = (
					"$(inherited)",
					"@executable_path/../Frameworks",
				);
				PRODUCT_BUNDLE_IDENTIFIER = innocenzolocher.InnocenzoLocherCSC4480;
				PRODUCT_NAME = "$(TARGET_NAME)";
				SWIFT_VERSION = 5.0;
			};
			name = Release;
		};
/* End XCBuildConfiguration section */

/* Begin XCConfigurationList section */
		4CB73479239EDEF300F46B6D /* Build configuration list for PBXProject "InnocenzoLocherCSC4480" */ = {
			isa = XCConfigurationList;
			buildConfigurations = (
				4CB7348C239EDEF500F46B6D /* Debug */,
				4CB7348D239EDEF500F46B6D /* Release */,
			);
			defaultConfigurationIsVisible = 0;
			defaultConfigurationName = Release;
		};
		4CB7348E239EDEF500F46B6D /* Build configuration list for PBXNativeTarget "InnocenzoLocherCSC4480" */ = {
			isa = XCConfigurationList;
			buildConfigurations = (
				4CB7348F239EDEF500F46B6D /* Debug */,
				4CB73490239EDEF500F46B6D /* Release */,
			);
			defaultConfigurationIsVisible = 0;
			defaultConfigurationName = Release;
		};
/* End XCConfigurationList section */
	};
	rootObject = 4CB73476239EDEF300F46B6D /* Project object */;
}
